// !$*UTF8*$!
{
	archiveVersion = 1;
	classes = {
	};
	objectVersion = 46;
	objects = {

/* Begin PBXBuildFile section */
		CA1D907919E49C7E0017AAD1 /* User.swift in Sources */ = {isa = PBXBuildFile; fileRef = CA1D907819E49C7E0017AAD1 /* User.swift */; };
		CA1D907B19E49C960017AAD1 /* Tweet.swift in Sources */ = {isa = PBXBuildFile; fileRef = CA1D907A19E49C960017AAD1 /* Tweet.swift */; };
		CA36EC6A19E1C8F000F38159 /* AppDelegate.swift in Sources */ = {isa = PBXBuildFile; fileRef = CA36EC6919E1C8F000F38159 /* AppDelegate.swift */; };
		CA36EC6C19E1C8F000F38159 /* ViewController.swift in Sources */ = {isa = PBXBuildFile; fileRef = CA36EC6B19E1C8F000F38159 /* ViewController.swift */; };
		CA36EC6F19E1C8F000F38159 /* Main.storyboard in Resources */ = {isa = PBXBuildFile; fileRef = CA36EC6D19E1C8F000F38159 /* Main.storyboard */; };
		CA36EC7119E1C8F000F38159 /* Images.xcassets in Resources */ = {isa = PBXBuildFile; fileRef = CA36EC7019E1C8F000F38159 /* Images.xcassets */; };
		CA36EC7419E1C8F000F38159 /* LaunchScreen.xib in Resources */ = {isa = PBXBuildFile; fileRef = CA36EC7219E1C8F000F38159 /* LaunchScreen.xib */; };
		CA36EC8019E1C8F000F38159 /* twitterAppTests.swift in Sources */ = {isa = PBXBuildFile; fileRef = CA36EC7F19E1C8F000F38159 /* twitterAppTests.swift */; };
		CA36EC9019E1CC2D00F38159 /* TwitterClient.swift in Sources */ = {isa = PBXBuildFile; fileRef = CA36EC8F19E1CC2D00F38159 /* TwitterClient.swift */; };
		CA3A3CC619E9D6CD000FD1D2 /* TweetCell.swift in Sources */ = {isa = PBXBuildFile; fileRef = CA3A3CC519E9D6CD000FD1D2 /* TweetCell.swift */; };
		CAB2308619E90638003CFDAC /* TweetsViewController.swift in Sources */ = {isa = PBXBuildFile; fileRef = CAB2308519E90638003CFDAC /* TweetsViewController.swift */; };
		FDB1B98F81BE45E0B71232F0 /* libPods.a in Frameworks */ = {isa = PBXBuildFile; fileRef = 5DE9DF5869B94F83A8450AD1 /* libPods.a */; };
/* End PBXBuildFile section */

/* Begin PBXContainerItemProxy section */
		CA36EC7A19E1C8F000F38159 /* PBXContainerItemProxy */ = {
			isa = PBXContainerItemProxy;
			containerPortal = CA36EC5C19E1C8EF00F38159 /* Project object */;
			proxyType = 1;
			remoteGlobalIDString = CA36EC6319E1C8F000F38159;
			remoteInfo = twitterApp;
		};
/* End PBXContainerItemProxy section */

/* Begin PBXFileReference section */
		5DE9DF5869B94F83A8450AD1 /* libPods.a */ = {isa = PBXFileReference; explicitFileType = archive.ar; includeInIndex = 0; path = libPods.a; sourceTree = BUILT_PRODUCTS_DIR; };
		76A63ABCDC904298B7A1A238 /* Pods.xcconfig */ = {isa = PBXFileReference; includeInIndex = 1; lastKnownFileType = text.xcconfig; name = Pods.xcconfig; path = Pods/Pods.xcconfig; sourceTree = "<group>"; };
		CA1D907819E49C7E0017AAD1 /* User.swift */ = {isa = PBXFileReference; fileEncoding = 4; lastKnownFileType = sourcecode.swift; path = User.swift; sourceTree = "<group>"; };
		CA1D907A19E49C960017AAD1 /* Tweet.swift */ = {isa = PBXFileReference; fileEncoding = 4; lastKnownFileType = sourcecode.swift; path = Tweet.swift; sourceTree = "<group>"; };
		CA36EC6419E1C8F000F38159 /* twitterApp.app */ = {isa = PBXFileReference; explicitFileType = wrapper.application; includeInIndex = 0; path = twitterApp.app; sourceTree = BUILT_PRODUCTS_DIR; };
		CA36EC6819E1C8F000F38159 /* Info.plist */ = {isa = PBXFileReference; lastKnownFileType = text.plist.xml; path = Info.plist; sourceTree = "<group>"; };
		CA36EC6919E1C8F000F38159 /* AppDelegate.swift */ = {isa = PBXFileReference; lastKnownFileType = sourcecode.swift; path = AppDelegate.swift; sourceTree = "<group>"; };
		CA36EC6B19E1C8F000F38159 /* ViewController.swift */ = {isa = PBXFileReference; lastKnownFileType = sourcecode.swift; path = ViewController.swift; sourceTree = "<group>"; };
		CA36EC6E19E1C8F000F38159 /* Base */ = {isa = PBXFileReference; lastKnownFileType = file.storyboard; name = Base; path = Base.lproj/Main.storyboard; sourceTree = "<group>"; };
		CA36EC7019E1C8F000F38159 /* Images.xcassets */ = {isa = PBXFileReference; lastKnownFileType = folder.assetcatalog; path = Images.xcassets; sourceTree = "<group>"; };
		CA36EC7319E1C8F000F38159 /* Base */ = {isa = PBXFileReference; lastKnownFileType = file.xib; name = Base; path = Base.lproj/LaunchScreen.xib; sourceTree = "<group>"; };
		CA36EC7919E1C8F000F38159 /* twitterAppTests.xctest */ = {isa = PBXFileReference; explicitFileType = wrapper.cfbundle; includeInIndex = 0; path = twitterAppTests.xctest; sourceTree = BUILT_PRODUCTS_DIR; };
		CA36EC7E19E1C8F000F38159 /* Info.plist */ = {isa = PBXFileReference; lastKnownFileType = text.plist.xml; path = Info.plist; sourceTree = "<group>"; };
		CA36EC7F19E1C8F000F38159 /* twitterAppTests.swift */ = {isa = PBXFileReference; lastKnownFileType = sourcecode.swift; path = twitterAppTests.swift; sourceTree = "<group>"; };
		CA36EC8919E1CA2E00F38159 /* twitterApp-Bridging-Header.h */ = {isa = PBXFileReference; lastKnownFileType = sourcecode.c.h; path = "twitterApp-Bridging-Header.h"; sourceTree = "<group>"; };
		CA36EC8F19E1CC2D00F38159 /* TwitterClient.swift */ = {isa = PBXFileReference; fileEncoding = 4; lastKnownFileType = sourcecode.swift; path = TwitterClient.swift; sourceTree = "<group>"; };
		CA3A3CC519E9D6CD000FD1D2 /* TweetCell.swift */ = {isa = PBXFileReference; fileEncoding = 4; lastKnownFileType = sourcecode.swift; path = TweetCell.swift; sourceTree = "<group>"; };
		CAB2308519E90638003CFDAC /* TweetsViewController.swift */ = {isa = PBXFileReference; fileEncoding = 4; lastKnownFileType = sourcecode.swift; path = TweetsViewController.swift; sourceTree = "<group>"; };
/* End PBXFileReference section */

/* Begin PBXFrameworksBuildPhase section */
		CA36EC6119E1C8F000F38159 /* Frameworks */ = {
			isa = PBXFrameworksBuildPhase;
			buildActionMask = 2147483647;
			files = (
				FDB1B98F81BE45E0B71232F0 /* libPods.a in Frameworks */,
			);
			runOnlyForDeploymentPostprocessing = 0;
		};
		CA36EC7619E1C8F000F38159 /* Frameworks */ = {
			isa = PBXFrameworksBuildPhase;
			buildActionMask = 2147483647;
			files = (
			);
			runOnlyForDeploymentPostprocessing = 0;
		};
/* End PBXFrameworksBuildPhase section */

/* Begin PBXGroup section */
		97A8F219936346ECB6D8D60F /* Frameworks */ = {
			isa = PBXGroup;
			children = (
				5DE9DF5869B94F83A8450AD1 /* libPods.a */,
			);
			name = Frameworks;
			sourceTree = "<group>";
		};
		CA1D907719E49C1A0017AAD1 /* Models */ = {
			isa = PBXGroup;
			children = (
				CA1D907819E49C7E0017AAD1 /* User.swift */,
				CA1D907A19E49C960017AAD1 /* Tweet.swift */,
			);
			name = Models;
			sourceTree = "<group>";
		};
		CA36EC5B19E1C8EF00F38159 = {
			isa = PBXGroup;
			children = (
				CA36EC6619E1C8F000F38159 /* twitterApp */,
				CA36EC7C19E1C8F000F38159 /* twitterAppTests */,
				CA36EC6519E1C8F000F38159 /* Products */,
				76A63ABCDC904298B7A1A238 /* Pods.xcconfig */,
				97A8F219936346ECB6D8D60F /* Frameworks */,
			);
			sourceTree = "<group>";
		};
		CA36EC6519E1C8F000F38159 /* Products */ = {
			isa = PBXGroup;
			children = (
				CA36EC6419E1C8F000F38159 /* twitterApp.app */,
				CA36EC7919E1C8F000F38159 /* twitterAppTests.xctest */,
			);
			name = Products;
			sourceTree = "<group>";
		};
		CA36EC6619E1C8F000F38159 /* twitterApp */ = {
			isa = PBXGroup;
			children = (
				CA36EC8C19E1CACF00F38159 /* API */,
				CA1D907719E49C1A0017AAD1 /* Models */,
				CA36EC6B19E1C8F000F38159 /* ViewController.swift */,
				CA36EC6919E1C8F000F38159 /* AppDelegate.swift */,
				CA36EC6D19E1C8F000F38159 /* Main.storyboard */,
				CA36EC7019E1C8F000F38159 /* Images.xcassets */,
				CA36EC7219E1C8F000F38159 /* LaunchScreen.xib */,
				CA36EC6719E1C8F000F38159 /* Supporting Files */,
				CA36EC8919E1CA2E00F38159 /* twitterApp-Bridging-Header.h */,
				CAB2308519E90638003CFDAC /* TweetsViewController.swift */,
				CA3A3CC519E9D6CD000FD1D2 /* TweetCell.swift */,
			);
			path = twitterApp;
			sourceTree = "<group>";
		};
		CA36EC6719E1C8F000F38159 /* Supporting Files */ = {
			isa = PBXGroup;
			children = (
				CA36EC6819E1C8F000F38159 /* Info.plist */,
			);
			name = "Supporting Files";
			sourceTree = "<group>";
		};
		CA36EC7C19E1C8F000F38159 /* twitterAppTests */ = {
			isa = PBXGroup;
			children = (
				CA36EC7F19E1C8F000F38159 /* twitterAppTests.swift */,
				CA36EC7D19E1C8F000F38159 /* Supporting Files */,
			);
			path = twitterAppTests;
			sourceTree = "<group>";
		};
		CA36EC7D19E1C8F000F38159 /* Supporting Files */ = {
			isa = PBXGroup;
			children = (
				CA36EC7E19E1C8F000F38159 /* Info.plist */,
			);
			name = "Supporting Files";
			sourceTree = "<group>";
		};
		CA36EC8C19E1CACF00F38159 /* API */ = {
			isa = PBXGroup;
			children = (
				CA36EC8F19E1CC2D00F38159 /* TwitterClient.swift */,
			);
			name = API;
			sourceTree = "<group>";
		};
/* End PBXGroup section */

/* Begin PBXNativeTarget section */
		CA36EC6319E1C8F000F38159 /* twitterApp */ = {
			isa = PBXNativeTarget;
			buildConfigurationList = CA36EC8319E1C8F000F38159 /* Build configuration list for PBXNativeTarget "twitterApp" */;
			buildPhases = (
				E051B2B3EAC849B69202A435 /* Check Pods Manifest.lock */,
				CA36EC6019E1C8F000F38159 /* Sources */,
				CA36EC6119E1C8F000F38159 /* Frameworks */,
				CA36EC6219E1C8F000F38159 /* Resources */,
				0C1B1930E2E049999F421A78 /* Copy Pods Resources */,
			);
			buildRules = (
			);
			dependencies = (
			);
			name = twitterApp;
			productName = twitterApp;
			productReference = CA36EC6419E1C8F000F38159 /* twitterApp.app */;
			productType = "com.apple.product-type.application";
		};
		CA36EC7819E1C8F000F38159 /* twitterAppTests */ = {
			isa = PBXNativeTarget;
			buildConfigurationList = CA36EC8619E1C8F000F38159 /* Build configuration list for PBXNativeTarget "twitterAppTests" */;
			buildPhases = (
				CA36EC7519E1C8F000F38159 /* Sources */,
				CA36EC7619E1C8F000F38159 /* Frameworks */,
				CA36EC7719E1C8F000F38159 /* Resources */,
			);
			buildRules = (
			);
			dependencies = (
				CA36EC7B19E1C8F000F38159 /* PBXTargetDependency */,
			);
			name = twitterAppTests;
			productName = twitterAppTests;
			productReference = CA36EC7919E1C8F000F38159 /* twitterAppTests.xctest */;
			productType = "com.apple.product-type.bundle.unit-test";
		};
/* End PBXNativeTarget section */

/* Begin PBXProject section */
		CA36EC5C19E1C8EF00F38159 /* Project object */ = {
			isa = PBXProject;
			attributes = {
				LastUpgradeCheck = 0600;
				ORGANIZATIONNAME = Divya_Prabhakar;
				TargetAttributes = {
					CA36EC6319E1C8F000F38159 = {
						CreatedOnToolsVersion = 6.0.1;
					};
					CA36EC7819E1C8F000F38159 = {
						CreatedOnToolsVersion = 6.0.1;
						TestTargetID = CA36EC6319E1C8F000F38159;
					};
				};
			};
			buildConfigurationList = CA36EC5F19E1C8EF00F38159 /* Build configuration list for PBXProject "twitterApp" */;
			compatibilityVersion = "Xcode 3.2";
			developmentRegion = English;
			hasScannedForEncodings = 0;
			knownRegions = (
				en,
				Base,
			);
			mainGroup = CA36EC5B19E1C8EF00F38159;
			productRefGroup = CA36EC6519E1C8F000F38159 /* Products */;
			projectDirPath = "";
			projectRoot = "";
			targets = (
				CA36EC6319E1C8F000F38159 /* twitterApp */,
				CA36EC7819E1C8F000F38159 /* twitterAppTests */,
			);
		};
/* End PBXProject section */

/* Begin PBXResourcesBuildPhase section */
		CA36EC6219E1C8F000F38159 /* Resources */ = {
			isa = PBXResourcesBuildPhase;
			buildActionMask = 2147483647;
			files = (
				CA36EC6F19E1C8F000F38159 /* Main.storyboard in Resources */,
				CA36EC7419E1C8F000F38159 /* LaunchScreen.xib in Resources */,
				CA36EC7119E1C8F000F38159 /* Images.xcassets in Resources */,
			);
			runOnlyForDeploymentPostprocessing = 0;
		};
		CA36EC7719E1C8F000F38159 /* Resources */ = {
			isa = PBXResourcesBuildPhase;
			buildActionMask = 2147483647;
			files = (
			);
			runOnlyForDeploymentPostprocessing = 0;
		};
/* End PBXResourcesBuildPhase section */

/* Begin PBXShellScriptBuildPhase section */
		0C1B1930E2E049999F421A78 /* Copy Pods Resources */ = {
			isa = PBXShellScriptBuildPhase;
			buildActionMask = 2147483647;
			files = (
			);
			inputPaths = (
			);
			name = "Copy Pods Resources";
			outputPaths = (
			);
			runOnlyForDeploymentPostprocessing = 0;
			shellPath = /bin/sh;
			shellScript = "\"${SRCROOT}/Pods/Pods-resources.sh\"\n";
			showEnvVarsInLog = 0;
		};
		E051B2B3EAC849B69202A435 /* Check Pods Manifest.lock */ = {
			isa = PBXShellScriptBuildPhase;
			buildActionMask = 2147483647;
			files = (
			);
			inputPaths = (
			);
			name = "Check Pods Manifest.lock";
			outputPaths = (
			);
			runOnlyForDeploymentPostprocessing = 0;
			shellPath = /bin/sh;
			shellScript = "diff \"${PODS_ROOT}/../Podfile.lock\" \"${PODS_ROOT}/Manifest.lock\" > /dev/null\nif [[ $? != 0 ]] ; then\n    cat << EOM\nerror: The sandbox is not in sync with the Podfile.lock. Run 'pod install' or update your CocoaPods installation.\nEOM\n    exit 1\nfi\n";
			showEnvVarsInLog = 0;
		};
/* End PBXShellScriptBuildPhase section */

/* Begin PBXSourcesBuildPhase section */
		CA36EC6019E1C8F000F38159 /* Sources */ = {
			isa = PBXSourcesBuildPhase;
			buildActionMask = 2147483647;
			files = (
				CA1D907919E49C7E0017AAD1 /* User.swift in Sources */,
				CA3A3CC619E9D6CD000FD1D2 /* TweetCell.swift in Sources */,
				CA1D907B19E49C960017AAD1 /* Tweet.swift in Sources */,
				CAB2308619E90638003CFDAC /* TweetsViewController.swift in Sources */,
				CA36EC6C19E1C8F000F38159 /* ViewController.swift in Sources */,
				CA36EC9019E1CC2D00F38159 /* TwitterClient.swift in Sources */,
				CA36EC6A19E1C8F000F38159 /* AppDelegate.swift in Sources */,
			);
			runOnlyForDeploymentPostprocessing = 0;
		};
		CA36EC7519E1C8F000F38159 /* Sources */ = {
			isa = PBXSourcesBuildPhase;
			buildActionMask = 2147483647;
			files = (
				CA36EC8019E1C8F000F38159 /* twitterAppTests.swift in Sources */,
			);
			runOnlyForDeploymentPostprocessing = 0;
		};
/* End PBXSourcesBuildPhase section */

/* Begin PBXTargetDependency section */
		CA36EC7B19E1C8F000F38159 /* PBXTargetDependency */ = {
			isa = PBXTargetDependency;
			target = CA36EC6319E1C8F000F38159 /* twitterApp */;
			targetProxy = CA36EC7A19E1C8F000F38159 /* PBXContainerItemProxy */;
		};
/* End PBXTargetDependency section */

/* Begin PBXVariantGroup section */
		CA36EC6D19E1C8F000F38159 /* Main.storyboard */ = {
			isa = PBXVariantGroup;
			children = (
				CA36EC6E19E1C8F000F38159 /* Base */,
			);
			name = Main.storyboard;
			sourceTree = "<group>";
		};
		CA36EC7219E1C8F000F38159 /* LaunchScreen.xib */ = {
			isa = PBXVariantGroup;
			children = (
				CA36EC7319E1C8F000F38159 /* Base */,
			);
			name = LaunchScreen.xib;
			sourceTree = "<group>";
		};
/* End PBXVariantGroup section */

/* Begin XCBuildConfiguration section */
		CA36EC8119E1C8F000F38159 /* Debug */ = {
			isa = XCBuildConfiguration;
			buildSettings = {
				ALWAYS_SEARCH_USER_PATHS = NO;
				CLANG_CXX_LANGUAGE_STANDARD = "gnu++0x";
				CLANG_CXX_LIBRARY = "libc++";
				CLANG_ENABLE_MODULES = YES;
				CLANG_ENABLE_OBJC_ARC = YES;
				CLANG_WARN_BOOL_CONVERSION = YES;
				CLANG_WARN_CONSTANT_CONVERSION = YES;
				CLANG_WARN_DIRECT_OBJC_ISA_USAGE = YES_ERROR;
				CLANG_WARN_EMPTY_BODY = YES;
				CLANG_WARN_ENUM_CONVERSION = YES;
				CLANG_WARN_INT_CONVERSION = YES;
				CLANG_WARN_OBJC_ROOT_CLASS = YES_ERROR;
				CLANG_WARN_UNREACHABLE_CODE = YES;
				CLANG_WARN__DUPLICATE_METHOD_MATCH = YES;
				"CODE_SIGN_IDENTITY[sdk=iphoneos*]" = "iPhone Developer";
				COPY_PHASE_STRIP = NO;
				ENABLE_STRICT_OBJC_MSGSEND = YES;
				GCC_C_LANGUAGE_STANDARD = gnu99;
				GCC_DYNAMIC_NO_PIC = NO;
				GCC_OPTIMIZATION_LEVEL = 0;
				GCC_PREPROCESSOR_DEFINITIONS = (
					"DEBUG=1",
					"$(inherited)",
				);
				GCC_SYMBOLS_PRIVATE_EXTERN = NO;
				GCC_WARN_64_TO_32_BIT_CONVERSION = YES;
				GCC_WARN_ABOUT_RETURN_TYPE = YES_ERROR;
				GCC_WARN_UNDECLARED_SELECTOR = YES;
				GCC_WARN_UNINITIALIZED_AUTOS = YES_AGGRESSIVE;
				GCC_WARN_UNUSED_FUNCTION = YES;
				GCC_WARN_UNUSED_VARIABLE = YES;
				IPHONEOS_DEPLOYMENT_TARGET = 8.0;
				MTL_ENABLE_DEBUG_INFO = YES;
				ONLY_ACTIVE_ARCH = YES;
				SDKROOT = iphoneos;
				SWIFT_OPTIMIZATION_LEVEL = "-Onone";
			};
			name = Debug;
		};
		CA36EC8219E1C8F000F38159 /* Release */ = {
			isa = XCBuildConfiguration;
			buildSettings = {
				ALWAYS_SEARCH_USER_PATHS = NO;
				CLANG_CXX_LANGUAGE_STANDARD = "gnu++0x";
				CLANG_CXX_LIBRARY = "libc++";
				CLANG_ENABLE_MODULES = YES;
				CLANG_ENABLE_OBJC_ARC = YES;
				CLANG_WARN_BOOL_CONVERSION = YES;
				CLANG_WARN_CONSTANT_CONVERSION = YES;
				CLANG_WARN_DIRECT_OBJC_ISA_USAGE = YES_ERROR;
				CLANG_WARN_EMPTY_BODY = YES;
				CLANG_WARN_ENUM_CONVERSION = YES;
				CLANG_WARN_INT_CONVERSION = YES;
				CLANG_WARN_OBJC_ROOT_CLASS = YES_ERROR;
				CLANG_WARN_UNREACHABLE_CODE = YES;
				CLANG_WARN__DUPLICATE_METHOD_MATCH = YES;
				"CODE_SIGN_IDENTITY[sdk=iphoneos*]" = "iPhone Developer";
				COPY_PHASE_STRIP = YES;
				ENABLE_NS_ASSERTIONS = NO;
				ENABLE_STRICT_OBJC_MSGSEND = YES;
				GCC_C_LANGUAGE_STANDARD = gnu99;
				GCC_WARN_64_TO_32_BIT_CONVERSION = YES;
				GCC_WARN_ABOUT_RETURN_TYPE = YES_ERROR;
				GCC_WARN_UNDECLARED_SELECTOR = YES;
				GCC_WARN_UNINITIALIZED_AUTOS = YES_AGGRESSIVE;
				GCC_WARN_UNUSED_FUNCTION = YES;
				GCC_WARN_UNUSED_VARIABLE = YES;
				IPHONEOS_DEPLOYMENT_TARGET = 8.0;
				MTL_ENABLE_DEBUG_INFO = NO;
				SDKROOT = iphoneos;
				VALIDATE_PRODUCT = YES;
			};
			name = Release;
		};
		CA36EC8419E1C8F000F38159 /* Debug */ = {
			isa = XCBuildConfiguration;
			baseConfigurationReference = 76A63ABCDC904298B7A1A238 /* Pods.xcconfig */;
			buildSettings = {
				ASSETCATALOG_COMPILER_APPICON_NAME = AppIcon;
				CLANG_ENABLE_MODULES = YES;
				INFOPLIST_FILE = twitterApp/Info.plist;
				LD_RUNPATH_SEARCH_PATHS = "$(inherited) @executable_path/Frameworks";
				PRODUCT_NAME = "$(TARGET_NAME)";
				SWIFT_OBJC_BRIDGING_HEADER = "twitterApp/twitterApp-Bridging-Header.h";
				SWIFT_OPTIMIZATION_LEVEL = "-Onone";
			};
			name = Debug;
		};
		CA36EC8519E1C8F000F38159 /* Release */ = {
			isa = XCBuildConfiguration;
			baseConfigurationReference = 76A63ABCDC904298B7A1A238 /* Pods.xcconfig */;
			buildSettings = {
				ASSETCATALOG_COMPILER_APPICON_NAME = AppIcon;
				CLANG_ENABLE_MODULES = YES;
				INFOPLIST_FILE = twitterApp/Info.plist;
				LD_RUNPATH_SEARCH_PATHS = "$(inherited) @executable_path/Frameworks";
				PRODUCT_NAME = "$(TARGET_NAME)";
				SWIFT_OBJC_BRIDGING_HEADER = "twitterApp/twitterApp-Bridging-Header.h";
			};
			name = Release;
		};
		CA36EC8719E1C8F000F38159 /* Debug */ = {
			isa = XCBuildConfiguration;
			buildSettings = {
				BUNDLE_LOADER = "$(TEST_HOST)";
				FRAMEWORK_SEARCH_PATHS = (
					"$(SDKROOT)/Developer/Library/Frameworks",
					"$(inherited)",
				);
				GCC_PREPROCESSOR_DEFINITIONS = (
					"DEBUG=1",
					"$(inherited)",
				);
				INFOPLIST_FILE = twitterAppTests/Info.plist;
				LD_RUNPATH_SEARCH_PATHS = "$(inherited) @executable_path/Frameworks @loader_path/Frameworks";
				PRODUCT_NAME = "$(TARGET_NAME)";
				TEST_HOST = "$(BUILT_PRODUCTS_DIR)/twitterApp.app/twitterApp";
			};
			name = Debug;
		};
		CA36EC8819E1C8F000F38159 /* Release */ = {
			isa = XCBuildConfiguration;
			buildSettings = {
				BUNDLE_LOADER = "$(TEST_HOST)";
				FRAMEWORK_SEARCH_PATHS = (
					"$(SDKROOT)/Developer/Library/Frameworks",
					"$(inherited)",
				);
				INFOPLIST_FILE = twitterAppTests/Info.plist;
				LD_RUNPATH_SEARCH_PATHS = "$(inherited) @executable_path/Frameworks @loader_path/Frameworks";
				PRODUCT_NAME = "$(TARGET_NAME)";
				TEST_HOST = "$(BUILT_PRODUCTS_DIR)/twitterApp.app/twitterApp";
			};
			name = Release;
		};
/* End XCBuildConfiguration section */

/* Begin XCConfigurationList section */
		CA36EC5F19E1C8EF00F38159 /* Build configuration list for PBXProject "twitterApp" */ = {
			isa = XCConfigurationList;
			buildConfigurations = (
				CA36EC8119E1C8F000F38159 /* Debug */,
				CA36EC8219E1C8F000F38159 /* Release */,
			);
			defaultConfigurationIsVisible = 0;
			defaultConfigurationName = Release;
		};
		CA36EC8319E1C8F000F38159 /* Build configuration list for PBXNativeTarget "twitterApp" */ = {
			isa = XCConfigurationList;
			buildConfigurations = (
				CA36EC8419E1C8F000F38159 /* Debug */,
				CA36EC8519E1C8F000F38159 /* Release */,
			);
			defaultConfigurationIsVisible = 0;
			defaultConfigurationName = Release;
		};
		CA36EC8619E1C8F000F38159 /* Build configuration list for PBXNativeTarget "twitterAppTests" */ = {
			isa = XCConfigurationList;
			buildConfigurations = (
				CA36EC8719E1C8F000F38159 /* Debug */,
				CA36EC8819E1C8F000F38159 /* Release */,
			);
			defaultConfigurationIsVisible = 0;
			defaultConfigurationName = Release;
		};
/* End XCConfigurationList section */
	};
	rootObject = CA36EC5C19E1C8EF00F38159 /* Project object */;
}
